
Microsoft Visual Studio Solution File, Format Version 12.00
# Visual Studio Version 17
VisualStudioVersion = 17.2.32526.322
MinimumVisualStudioVersion = 10.0.40219.1
Project("{FAE04EC0-301F-11D3-BF4B-00C04F79EFBC}") = "FirstWebApplication", "FirstWebApplication.csproj", "{52105544-AE05-4D17-922A-1DACF5BBB608}"
EndProject
Global
	GlobalSection(SolutionConfigurationPlatforms) = preSolution
		Debug|Any CPU = Debug|Any CPU
		Release|Any CPU = Release|Any CPU
	EndGlobalSection
	GlobalSection(ProjectConfigurationPlatforms) = postSolution
		{52105544-AE05-4D17-922A-1DACF5BBB608}.Debug|Any CPU.ActiveCfg = Debug|Any CPU
		{52105544-AE05-4D17-922A-1DACF5BBB608}.Debug|Any CPU.Build.0 = Debug|Any CPU
		{52105544-AE05-4D17-922A-1DACF5BBB608}.Release|Any CPU.ActiveCfg = Release|Any CPU
		{52105544-AE05-4D17-922A-1DACF5BBB608}.Release|Any CPU.Build.0 = Release|Any CPU
	EndGlobalSection
	GlobalSection(SolutionProperties) = preSolution
		HideSolutionNode = FALSE
	EndGlobalSection
	GlobalSection(ExtensibilityGlobals) = postSolution
		SolutionGuid = {79196FE5-8D45-4BE1-A7F4-5D61E01F572C}
	EndGlobalSection
EndGlobal
